
Microsoft Visual Studio Solution File, Format Version 12.00
# Visual Studio 15
VisualStudioVersion = 15.0.28307.421
MinimumVisualStudioVersion = 10.0.40219.1
Project("{FAE04EC0-301F-11D3-BF4B-00C04F79EFBC}") = "Rational", "Rational\Rational.csproj", "{AC1C1C83-F3D2-492E-96A5-21E1DB5D9D6A}"
EndProject
Global
	GlobalSection(SolutionConfigurationPlatforms) = preSolution
		Debug|Any CPU = Debug|Any CPU
		Release|Any CPU = Release|Any CPU
	EndGlobalSection
	GlobalSection(ProjectConfigurationPlatforms) = postSolution
		{AC1C1C83-F3D2-492E-96A5-21E1DB5D9D6A}.Debug|Any CPU.ActiveCfg = Debug|Any CPU
		{AC1C1C83-F3D2-492E-96A5-21E1DB5D9D6A}.Debug|Any CPU.Build.0 = Debug|Any CPU
		{AC1C1C83-F3D2-492E-96A5-21E1DB5D9D6A}.Release|Any CPU.ActiveCfg = Release|Any CPU
		{AC1C1C83-F3D2-492E-96A5-21E1DB5D9D6A}.Release|Any CPU.Build.0 = Release|Any CPU
	EndGlobalSection
	GlobalSection(SolutionProperties) = preSolution
		HideSolutionNode = FALSE
	EndGlobalSection
	GlobalSection(ExtensibilityGlobals) = postSolution
		SolutionGuid = {2147A470-0240-4221-9DB7-0A9C15150087}
	EndGlobalSection
EndGlobal
